# This file is autogenerated by uv 0.1.0.
# It is not intended for manual editing.

[[package]]
name = "support-flow-crm"
version = "0.1.0"
source = { virtual = "." }
dependencies = [
    { name = "fastapi" },
    { name = "uvicorn" },
    { name = "pydantic" },
    { name = "openai" },
    { name = "httpx" },
    { name = "openenv-core" },
]